Microsoft Visual Studio Solution File, Format Version 11.00
# Visual Studio 2010
Project("{FAE04EC0-301F-11D3-BF4B-00C04F79EFBC}") = "FootlooseExamples.WeatherInfo.Shared", "FootlooseExamples.WeatherInfo.Shared\FootlooseExamples.WeatherInfo.Shared.csproj", "{A22A01AF-5958-40D4-BE38-63E1E0717636}"
EndProject
Project("{FAE04EC0-301F-11D3-BF4B-00C04F79EFBC}") = "FootlooseExamples.WeatherInfo.Client", "FootlooseExamples.WeatherInfo.Client\FootlooseExamples.WeatherInfo.Client.csproj", "{2B756ECD-4607-478D-A279-BB06AA1196C5}"
EndProject
Project("{FAE04EC0-301F-11D3-BF4B-00C04F79EFBC}") = "FootlooseExamples.WeatherInfo.Service", "FootlooseExamples.WeatherInfo.Service\FootlooseExamples.WeatherInfo.Service.csproj", "{A06ECF22-BBEF-42EE-9EEA-33A359102ECD}"
EndProject
Project("{2150E333-8FDC-42A3-9474-1A3956D46DE8}") = "Common", "Common", "{5482B59B-D2B0-4AF4-80DE-559A696AB6BD}"
	ProjectSection(SolutionItems) = preProject
		LICENSE.txt = LICENSE.txt
		README.txt = README.txt
	EndProjectSection
EndProject
Project("{2150E333-8FDC-42A3-9474-1A3956D46DE8}") = ".nuget", ".nuget", "{3F1E0329-8D84-4BFB-B7F7-EBFC22745D3E}"
	ProjectSection(SolutionItems) = preProject
		.nuget\NuGet.Config = .nuget\NuGet.Config
		.nuget\NuGet.exe = .nuget\NuGet.exe
		.nuget\NuGet.targets = .nuget\NuGet.targets
	EndProjectSection
EndProject
Global
	GlobalSection(SolutionConfigurationPlatforms) = preSolution
		Debug|Any CPU = Debug|Any CPU
		Debug|Mixed Platforms = Debug|Mixed Platforms
		Debug|x86 = Debug|x86
		Release|Any CPU = Release|Any CPU
		Release|Mixed Platforms = Release|Mixed Platforms
		Release|x86 = Release|x86
	EndGlobalSection
	GlobalSection(ProjectConfigurationPlatforms) = postSolution
		{A22A01AF-5958-40D4-BE38-63E1E0717636}.Debug|Any CPU.ActiveCfg = Debug|Any CPU
		{A22A01AF-5958-40D4-BE38-63E1E0717636}.Debug|Any CPU.Build.0 = Debug|Any CPU
		{A22A01AF-5958-40D4-BE38-63E1E0717636}.Debug|Mixed Platforms.ActiveCfg = Debug|Any CPU
		{A22A01AF-5958-40D4-BE38-63E1E0717636}.Debug|Mixed Platforms.Build.0 = Debug|Any CPU
		{A22A01AF-5958-40D4-BE38-63E1E0717636}.Debug|x86.ActiveCfg = Debug|Any CPU
		{A22A01AF-5958-40D4-BE38-63E1E0717636}.Release|Any CPU.ActiveCfg = Release|Any CPU
		{A22A01AF-5958-40D4-BE38-63E1E0717636}.Release|Any CPU.Build.0 = Release|Any CPU
		{A22A01AF-5958-40D4-BE38-63E1E0717636}.Release|Mixed Platforms.ActiveCfg = Release|Any CPU
		{A22A01AF-5958-40D4-BE38-63E1E0717636}.Release|Mixed Platforms.Build.0 = Release|Any CPU
		{A22A01AF-5958-40D4-BE38-63E1E0717636}.Release|x86.ActiveCfg = Release|Any CPU
		{2B756ECD-4607-478D-A279-BB06AA1196C5}.Debug|Any CPU.ActiveCfg = Debug|x86
		{2B756ECD-4607-478D-A279-BB06AA1196C5}.Debug|Mixed Platforms.ActiveCfg = Debug|x86
		{2B756ECD-4607-478D-A279-BB06AA1196C5}.Debug|Mixed Platforms.Build.0 = Debug|x86
		{2B756ECD-4607-478D-A279-BB06AA1196C5}.Debug|x86.ActiveCfg = Debug|x86
		{2B756ECD-4607-478D-A279-BB06AA1196C5}.Debug|x86.Build.0 = Debug|x86
		{2B756ECD-4607-478D-A279-BB06AA1196C5}.Release|Any CPU.ActiveCfg = Release|x86
		{2B756ECD-4607-478D-A279-BB06AA1196C5}.Release|Mixed Platforms.ActiveCfg = Release|x86
		{2B756ECD-4607-478D-A279-BB06AA1196C5}.Release|Mixed Platforms.Build.0 = Release|x86
		{2B756ECD-4607-478D-A279-BB06AA1196C5}.Release|x86.ActiveCfg = Release|x86
		{2B756ECD-4607-478D-A279-BB06AA1196C5}.Release|x86.Build.0 = Release|x86
		{A06ECF22-BBEF-42EE-9EEA-33A359102ECD}.Debug|Any CPU.ActiveCfg = Debug|x86
		{A06ECF22-BBEF-42EE-9EEA-33A359102ECD}.Debug|Mixed Platforms.ActiveCfg = Debug|x86
		{A06ECF22-BBEF-42EE-9EEA-33A359102ECD}.Debug|Mixed Platforms.Build.0 = Debug|x86
		{A06ECF22-BBEF-42EE-9EEA-33A359102ECD}.Debug|x86.ActiveCfg = Debug|x86
		{A06ECF22-BBEF-42EE-9EEA-33A359102ECD}.Debug|x86.Build.0 = Debug|x86
		{A06ECF22-BBEF-42EE-9EEA-33A359102ECD}.Release|Any CPU.ActiveCfg = Release|x86
		{A06ECF22-BBEF-42EE-9EEA-33A359102ECD}.Release|Mixed Platforms.ActiveCfg = Release|x86
		{A06ECF22-BBEF-42EE-9EEA-33A359102ECD}.Release|Mixed Platforms.Build.0 = Release|x86
		{A06ECF22-BBEF-42EE-9EEA-33A359102ECD}.Release|x86.ActiveCfg = Release|x86
		{A06ECF22-BBEF-42EE-9EEA-33A359102ECD}.Release|x86.Build.0 = Release|x86
	EndGlobalSection
	GlobalSection(SolutionProperties) = preSolution
		HideSolutionNode = FALSE
	EndGlobalSection
EndGlobal
